{
  "name": "vue",
  "version": "1.0.0",
  "lockfileVersion": 1,
  "requires": true,
  "dependencies": {
    "add-asset-html-webpack-plugin": {
      "version": "2.1.3",
      "resolved": "http://registry.npmjs.org/add-asset-html-webpack-plugin/-/add-asset-html-webpack-plugin-2.1.3.tgz",
      "integrity": "sha512-lPdzWnwl96msr5Ix5WyU6ZqD5tQeSb6XD9j8yBKj7WswURRpZ4nZx/Gt+ocgbFdT7j48x7xw40g8wBykFbVptQ==",
      "dev": true
    },
    "babel-core": {
      "version": "6.26.3",
      "resolved": "https://registry.npmjs.org/babel-core/-/babel-core-6.26.3.tgz",
      "integrity": "sha512-6jyFLuDmeidKmUEb3NM+/yawG0M2bDZ9Z1qbZP59cyHLz8kYGKYwpJP0UwUKKUiTRNvxfLesJnTedqczP7cTDA==",
      "dev": true
    },
    "babel-loader": {
      "version": "7.1.5",
      "resolved": "https://registry.npmjs.org/babel-loader/-/babel-loader-7.1.5.tgz",
      "integrity": "sha512-iCHfbieL5d1LfOQeeVJEUyD9rTwBcP/fcEbRCfempxTDuqrKpu0AZjLAQHEQa3Yqyj9ORKe2iHfoj4rHLf7xpw==",
      "dev": true
    },
    "babel-plugin-transform-runtime": {
      "version": "6.23.0",
      "resolved": "https://registry.npmjs.org/babel-plugin-transform-runtime/-/babel-plugin-transform-runtime-6.23.0.tgz",
      "integrity": "sha1-iEkNRGUC6puOfvsP4J7E2ZR5se4=",
      "dev": true
    },
    "babel-preset-env": {
      "version": "1.7.0",
      "resolved": "https://registry.npmjs.org/babel-preset-env/-/babel-preset-env-1.7.0.tgz",
      "integrity": "sha512-9OR2afuKDneX2/q2EurSftUYM0xGu4O2D9adAhVfADDhrYDaxXV0rBbevVYoY9n6nyX1PmQW/0jtpJvUNr9CHg==",
      "dev": true
    },
    "babel-preset-stage-2": {
      "version": "6.24.1",
      "resolved": "https://registry.npmjs.org/babel-preset-stage-2/-/babel-preset-stage-2-6.24.1.tgz",
      "integrity": "sha1-2eKWD7PXEYfw5k7sYrwHdnIZvcE=",
      "dev": true
    },
    "body-parser": {
      "version": "1.18.3",
      "resolved": "https://registry.npmjs.org/body-parser/-/body-parser-1.18.3.tgz",
      "integrity": "sha1-WykhmP/dVTs6DyDe0FkrlWlVyLQ="
    },
    "clean-webpack-plugin": {
      "version": "0.1.19",
      "resolved": "https://registry.npmjs.org/clean-webpack-plugin/-/clean-webpack-plugin-0.1.19.tgz",
      "integrity": "sha512-M1Li5yLHECcN2MahoreuODul5LkjohJGFxLPTjl3j1ttKrF5rgjZET1SJduuqxLAuT1gAPOdkhg03qcaaU1KeA==",
      "dev": true
    },
    "css-loader": {
      "version": "1.0.0",
      "resolved": "https://registry.npmjs.org/css-loader/-/css-loader-1.0.0.tgz",
      "integrity": "sha512-tMXlTYf3mIMt3b0dDCOQFJiVvxbocJ5Ho577WiGPYPZcqVEO218L2iU22pDXzkTZCLDE+9AmGSUkWxeh/nZReA==",
      "dev": true
    },
    "cssnano": {
      "version": "4.1.0",
      "resolved": "https://registry.npmjs.org/cssnano/-/cssnano-4.1.0.tgz",
      "integrity": "sha512-7x24b/ghbrQv2QRgqMR12H3ZZ38xYCKJSXfg21YCtnIE177/NyvMkeiuQdWauIgMjySaTZ+cd5PN2qvfbsGeSw==",
      "dev": true
    },
    "echarts": {
      "version": "4.2.0-rc.2",
      "resolved": "https://registry.npmjs.org/echarts/-/echarts-4.2.0-rc.2.tgz",
      "integrity": "sha512-5Y4Kyi4eNsRM9Cnl7Q8C6PFVjznBJv1VIiMm/VSQ9zyqeo+ce1695GqUd9v4zfVx+Ow1gnwMJX67h0FNvarScw=="
    },
    "element-ui": {
      "version": "2.4.9",
      "resolved": "https://registry.npmjs.org/element-ui/-/element-ui-2.4.9.tgz",
      "integrity": "sha512-PO5FsPiemYEJxPzzP3fT7Dhy/MX7zVqpJ74Rp6p8nBH604E7ruwT0VkrGX4K4cgAXRfgo4BK3O03m4RbWYUebA=="
    },
    "express": {
      "version": "4.16.4",
      "resolved": "https://registry.npmjs.org/express/-/express-4.16.4.tgz",
      "integrity": "sha512-j12Uuyb4FMrd/qQAm6uCHAkPtO8FDTRJZBDd5D2KOL2eLaz1yUNdUB/NOIyq0iU4q4cFarsUCrnFDPBcnksuOg==",
      "dependencies": {
        "array-flatten": {
          "version": "1.1.1",
          "resolved": "https://registry.npmjs.org/array-flatten/-/array-flatten-1.1.1.tgz",
          "integrity": "sha1-ml9pkFGx5wczKPKgCJaLZOopVdI="
        }
      }
    },
    "express-session": {
      "version": "1.15.6",
      "resolved": "https://registry.npmjs.org/express-session/-/express-session-1.15.6.tgz",
      "integrity": "sha512-r0nrHTCYtAMrFwZ0kBzZEXa1vtPVrw0dKvGSrKP4dahwBQ1BJpF2/y1Pp4sCD/0kvxV4zZeclyvfmw0B4RMJQA=="
    },
    "extract-text-webpack-plugin": {
      "version": "4.0.0-beta.0",
      "resolved": "https://registry.npmjs.org/extract-text-webpack-plugin/-/extract-text-webpack-plugin-4.0.0-beta.0.tgz",
      "integrity": "sha512-Hypkn9jUTnFr0DpekNam53X47tXn3ucY08BQumv7kdGgeVUBLq3DJHJTi6HNxv4jl9W+Skxjz9+RnK0sJyqqjA==",
      "dev": true,
      "dependencies": {
        "async": {
          "version": "2.6.1",
          "resolved": "https://registry.npmjs.org/async/-/async-2.6.1.tgz",
          "integrity": "sha512-fNEiL2+AZt6AlAw/29Cr0UDe4sRAHCpEHh54WMz+Bb7QfNcFw4h3loofyJpLeQs4Yx7yuqu/2dLgM5hKOs6HlQ=="
        }
      }
    },
    "file-loader": {
      "version": "1.1.11",
      "resolved": "https://registry.npmjs.org/file-loader/-/file-loader-1.1.11.tgz",
      "integrity": "sha512-TGR4HU7HUsGg6GCOPJnFk06RhWgEWFLAGWiT6rcD+GRC2keU3s9RGJ+b3Z6/U73jwwNb2gKLJ7YCrp+jvU4ALg==",
      "dev": true
    },
    "fs": {
      "version": "0.0.1-security",
      "resolved": "https://registry.npmjs.org/fs/-/fs-0.0.1-security.tgz",
      "integrity": "sha1-invTcYa23d84E/I4WLV+yq9eQdQ="
    },
    "gulp-stylus": {
      "version": "2.7.0",
      "resolved": "https://registry.npmjs.org/gulp-stylus/-/gulp-stylus-2.7.0.tgz",
      "integrity": "sha512-LlneLeHcaRBaEqxwo5YCirpsfkR7uleQ4pHXW8IE2ZeA6M3jpgI90+zQ6SptMTSWr1RSQW3WYFZVA3P0coUojw==",
      "dev": true
    },
    "happypack": {
      "version": "5.0.0",
      "resolved": "https://registry.npmjs.org/happypack/-/happypack-5.0.0.tgz",
      "integrity": "sha1-WWBrYWGs+9aemQcuXGP10WXkiw4=",
      "dev": true,
      "dependencies": {
        "async": {
          "version": "1.5.0",
          "resolved": "https://registry.npmjs.org/async/-/async-1.5.0.tgz",
          "integrity": "sha1-J5ZkJyNXOFlWVjP8YnRES+4vjOM="
        }
      }
    },
    "html-webpack-plugin": {
      "version": "3.2.0",
      "resolved": "http://registry.npmjs.org/html-webpack-plugin/-/html-webpack-plugin-3.2.0.tgz",
      "integrity": "sha1-sBq71yOsqqeze2r0SS69oD2d03s=",
      "dev": true,
      "dependencies": {
        "clean-css": {
          "version": "4.2.1",
          "resolved": "https://registry.npmjs.org/clean-css/-/clean-css-4.2.1.tgz",
          "integrity": "sha512-4ZxI6dy4lrY6FHzfiy1aEOXgu4LIsW2MhwG0VBKdcoGoH/XLFgaHSdLTGr4O8Be6A8r3MOphEiI8Gc1n0ecf3g=="
        },
        "commander": {
          "version": "2.17.1",
          "resolved": "https://registry.npmjs.org/commander/-/commander-2.17.1.tgz",
          "integrity": "sha512-wPMUt6FnH2yzG95SA6mzjQOEKUU3aLaDEmzs1ti+1E9h+CsrZghRlqEM/EJ4KscsQVG8uNN4uVreUeT8+drlgg=="
        },
        "html-minifier": {
          "version": "3.5.20",
          "resolved": "https://registry.npmjs.org/html-minifier/-/html-minifier-3.5.20.tgz",
          "integrity": "sha512-ZmgNLaTp54+HFKkONyLFEfs5dd/ZOtlquKaTnqIWFmx3Av5zG6ZPcV2d0o9XM2fXOTxxIf6eDcwzFFotke/5zA=="
        },
        "loader-utils": {
          "version": "0.2.17",
          "resolved": "https://registry.npmjs.org/loader-utils/-/loader-utils-0.2.17.tgz",
          "integrity": "sha1-+G5jdNQyBabmxg6RlvF8Apm/s0g="
        },
        "source-map": {
          "version": "0.6.1",
          "resolved": "https://registry.npmjs.org/source-map/-/source-map-0.6.1.tgz",
          "integrity": "sha512-UjgapumWlbMhkBgzT7Ykc5YXUT46F0iKu8SGXq0bcwP5dz/h0Plj6enJqjz1Zbq2l5WaqYnrVbwWOWMyF3F47g=="
        },
        "uglify-js": {
          "version": "3.4.9",
          "resolved": "https://registry.npmjs.org/uglify-js/-/uglify-js-3.4.9.tgz",
          "integrity": "sha512-8CJsbKOtEbnJsTyv6LE6m6ZKniqMiFWmm9sRbopbkGs3gMPPfd3Fh8iIA4Ykv5MgaTbqHr4BaoGLJLZNhsrW1Q=="
        }
      }
    },
    "lodash-es": {
      "version": "4.17.11",
      "resolved": "https://registry.npmjs.org/lodash-es/-/lodash-es-4.17.11.tgz",
      "integrity": "sha512-DHb1ub+rMjjrxqlB3H56/6MXtm1lSksDp2rA2cNWjG8mlDUYFhUj3Di2Zn5IwSU87xLv8tNIQ7sSwE/YOX/D/Q==",
      "dev": true
    },
    "mini-css-extract-plugin": {
      "version": "0.4.3",
      "resolved": "https://registry.npmjs.org/mini-css-extract-plugin/-/mini-css-extract-plugin-0.4.3.tgz",
      "integrity": "sha512-Mxs0nxzF1kxPv4TRi2NimewgXlJqh0rGE30vviCU2WHrpbta6wklnUV9dr9FUtoAHmB3p3LeXEC+ZjgHvB0Dzg==",
      "dev": true,
      "dependencies": {
        "schema-utils": {
          "version": "1.0.0",
          "resolved": "https://registry.npmjs.org/schema-utils/-/schema-utils-1.0.0.tgz",
          "integrity": "sha512-i27Mic4KovM/lnGsy8whRCHhc7VicJajAjTrYg11K9zfZXnYIt4k5F+kZkwjnrhKzLic/HLU4j11mjsz2G/75g=="
        }
      }
    },
    "mongodb": {
      "version": "3.1.13",
      "resolved": "https://registry.npmjs.org/mongodb/-/mongodb-3.1.13.tgz",
      "integrity": "sha512-sz2dhvBZQWf3LRNDhbd30KHVzdjZx9IKC0L+kSZ/gzYquCF5zPOgGqRz6sSCqYZtKP2ekB4nfLxhGtzGHnIKxA==",
      "requires": {
        "mongodb-core": "3.1.11",
        "safe-buffer": "^5.1.2"
      },
      "dependencies": {
        "bson": {
          "version": "1.1.5",
          "resolved": "https://registry.npmjs.org/bson/-/bson-1.1.5.tgz",
          "integrity": "sha512-kDuEzldR21lHciPQAIulLs1LZlCXdLziXI6Mb/TDkwXhb//UORJNPXgcRs2CuO4H0DcMkpfT3/ySsP3unoZjBg=="
        },
        "mongodb-core": {
          "version": "3.1.11",
          "resolved": "https://registry.npmjs.org/mongodb-core/-/mongodb-core-3.1.11.tgz",
          "integrity": "sha512-rD2US2s5qk/ckbiiGFHeu+yKYDXdJ1G87F6CG3YdaZpzdOm5zpoAZd/EKbPmFO6cQZ+XVXBXBJ660sSI0gc6qg==",
          "requires": {
            "bson": "^1.1.0",
            "require_optional": "^1.0.1",
            "safe-buffer": "^5.1.2",
            "saslprep": "^1.0.0"
          }
        }
      }
    },
    "mongoose": {
      "version": "5.3.9",
      "resolved": "https://registry.npmjs.org/mongoose/-/mongoose-5.3.9.tgz",
      "integrity": "sha512-FbCW2qCptfPW/ltRwgqKpPCK113WTIhZDnn+0L0hO2XoX9Yp4LuIP0Nab7eBK+TsiIXWZAvzKhnnUKElTbl5ow==",
      "dependencies": {
        "async": {
          "version": "2.6.1",
          "resolved": "https://registry.npmjs.org/async/-/async-2.6.1.tgz",
          "integrity": "sha512-fNEiL2+AZt6AlAw/29Cr0UDe4sRAHCpEHh54WMz+Bb7QfNcFw4h3loofyJpLeQs4Yx7yuqu/2dLgM5hKOs6HlQ=="
        },
        "bson": {
          "version": "1.1.0",
          "resolved": "https://registry.npmjs.org/bson/-/bson-1.1.0.tgz",
          "integrity": "sha512-9Aeai9TacfNtWXOYarkFJRW2CWo+dRon+fuLZYJmvLV3+MiUp0bEI6IAZfXEIg7/Pl/7IWlLaDnhzTsD81etQA=="
        },
        "mongodb": {
          "version": "3.1.8",
          "resolved": "https://registry.npmjs.org/mongodb/-/mongodb-3.1.8.tgz",
          "integrity": "sha512-yNKwYxQ6m00NV6+pMoWoheFTHSQVv1KkSrfOhRDYMILGWDYtUtQRqHrFqU75rmPIY8hMozVft8zdC4KYMWaM3Q=="
        },
        "mongodb-core": {
          "version": "3.1.7",
          "resolved": "https://registry.npmjs.org/mongodb-core/-/mongodb-core-3.1.7.tgz",
          "integrity": "sha512-YffpSrLmgFNmrvkGx+yX00KyBNk64C0BalfEn6vHHkXtcMUGXw8nxrMmhq5eXPLLlYeBpD/CsgNxE2Chf0o4zQ=="
        }
      }
    },
    "mongoose-morgan": {
      "version": "1.0.8",
      "resolved": "https://registry.npmjs.org/mongoose-morgan/-/mongoose-morgan-1.0.8.tgz",
      "integrity": "sha512-EP5iuyFKcRBbeGSYzmXc8q3WWN4tV3ORrEnayJFceFX3usvjtyoSXB2bYPnVzYdWffdkfKorRnl4IT0tfI8kHA==",
      "dependencies": {
        "async": {
          "version": "2.6.1",
          "resolved": "https://registry.npmjs.org/async/-/async-2.6.1.tgz",
          "integrity": "sha512-fNEiL2+AZt6AlAw/29Cr0UDe4sRAHCpEHh54WMz+Bb7QfNcFw4h3loofyJpLeQs4Yx7yuqu/2dLgM5hKOs6HlQ=="
        },
        "bson": {
          "version": "1.1.0",
          "resolved": "https://registry.npmjs.org/bson/-/bson-1.1.0.tgz",
          "integrity": "sha512-9Aeai9TacfNtWXOYarkFJRW2CWo+dRon+fuLZYJmvLV3+MiUp0bEI6IAZfXEIg7/Pl/7IWlLaDnhzTsD81etQA=="
        },
        "mongodb": {
          "version": "3.1.10",
          "resolved": "https://registry.npmjs.org/mongodb/-/mongodb-3.1.10.tgz",
          "integrity": "sha512-Uml42GeFxhTGQVml1XQ4cD0o/rp7J2ROy0fdYUcVitoE7vFqEhKH4TYVqRDpQr/bXtCJVxJdNQC1ntRxNREkPQ=="
        },
        "mongodb-core": {
          "version": "3.1.9",
          "resolved": "https://registry.npmjs.org/mongodb-core/-/mongodb-core-3.1.9.tgz",
          "integrity": "sha512-MJpciDABXMchrZphh3vMcqu8hkNf/Mi+Gk6btOimVg1XMxLXh87j6FAvRm+KmwD1A9fpu3qRQYcbQe4egj23og=="
        },
        "mongoose": {
          "version": "5.3.14",
          "resolved": "https://registry.npmjs.org/mongoose/-/mongoose-5.3.14.tgz",
          "integrity": "sha512-Vt7uC0+/SuPb+x6IwbtXl4tkUER1xU9INlfrDK1RdfsvvEMfG3FJUGNPVGeTWQaj8xqMBtZKIdUNt58rIAsCYg=="
        }
      }
    },
    "path": {
      "version": "0.12.7",
      "resolved": "https://registry.npmjs.org/path/-/path-0.12.7.tgz",
      "integrity": "sha1-1NwqUGxM4hl+tIHr/NWzbAFAsQ8=",
      "dev": true
    },
    "postcss-cssnext": {
      "version": "3.1.0",
      "resolved": "https://registry.npmjs.org/postcss-cssnext/-/postcss-cssnext-3.1.0.tgz",
      "integrity": "sha512-awPDhI4OKetcHCr560iVCoDuP6e/vn0r6EAqdWPpAavJMvkBSZ6kDpSN4b3mB3Ti57hQMunHHM8Wvx9PeuYXtA==",
      "dev": true,
      "dependencies": {
        "browserslist": {
          "version": "2.11.3",
          "resolved": "https://registry.npmjs.org/browserslist/-/browserslist-2.11.3.tgz",
          "integrity": "sha512-yWu5cXT7Av6mVwzWc8lMsJMHWn4xyjSuGYi4IozbVTLUOEYPSagUB8kiMDUHA1fS3zjr8nkxkn9jdvug4BBRmA=="
        },
        "caniuse-api": {
          "version": "2.0.0",
          "resolved": "https://registry.npmjs.org/caniuse-api/-/caniuse-api-2.0.0.tgz",
          "integrity": "sha1-sd21pZZrFvSNxJmERNS7xsfZ2DQ="
        }
      }
    },
    "postcss-loader": {
      "version": "3.0.0",
      "resolved": "https://registry.npmjs.org/postcss-loader/-/postcss-loader-3.0.0.tgz",
      "integrity": "sha512-cLWoDEY5OwHcAjDnkyRQzAXfs2jrKjXpO/HQFcc5b5u/r7aa471wdmChmwfnv7x2u840iat/wi0lQ5nbRgSkUA==",
      "dev": true,
      "dependencies": {
        "postcss": {
          "version": "7.0.2",
          "resolved": "https://registry.npmjs.org/postcss/-/postcss-7.0.2.tgz",
          "integrity": "sha512-fmaUY5370keLUTx+CnwRxtGiuFTcNBLQBqr1oE3WZ/euIYmGAo0OAgOhVJ3ByDnVmOR3PK+0V9VebzfjRIUcqw=="
        },
        "schema-utils": {
          "version": "1.0.0",
          "resolved": "https://registry.npmjs.org/schema-utils/-/schema-utils-1.0.0.tgz",
          "integrity": "sha512-i27Mic4KovM/lnGsy8whRCHhc7VicJajAjTrYg11K9zfZXnYIt4k5F+kZkwjnrhKzLic/HLU4j11mjsz2G/75g=="
        },
        "source-map": {
          "version": "0.6.1",
          "resolved": "https://registry.npmjs.org/source-map/-/source-map-0.6.1.tgz",
          "integrity": "sha512-UjgapumWlbMhkBgzT7Ykc5YXUT46F0iKu8SGXq0bcwP5dz/h0Plj6enJqjz1Zbq2l5WaqYnrVbwWOWMyF3F47g=="
        }
      }
    },
    "postcss-pxtorem": {
      "version": "4.0.1",
      "resolved": "https://registry.npmjs.org/postcss-pxtorem/-/postcss-pxtorem-4.0.1.tgz",
      "integrity": "sha1-nGTQ7+SIVHPMHLAwXG/8PrtFsc0=",
      "dev": true,
      "dependencies": {
        "ansi-styles": {
          "version": "2.2.1",
          "resolved": "https://registry.npmjs.org/ansi-styles/-/ansi-styles-2.2.1.tgz",
          "integrity": "sha1-tDLdM1i2NM914eRmQ2gkBTPB3b4="
        },
        "chalk": {
          "version": "1.1.3",
          "resolved": "https://registry.npmjs.org/chalk/-/chalk-1.1.3.tgz",
          "integrity": "sha1-qBFcVeSnAv5NFQq9OHKCKn4J/Jg=",
          "dependencies": {
            "supports-color": {
              "version": "2.0.0",
              "resolved": "https://registry.npmjs.org/supports-color/-/supports-color-2.0.0.tgz",
              "integrity": "sha1-U10EXOa2Nj+kARcIRimZXp3zJMc="
            }
          }
        },
        "has-flag": {
          "version": "1.0.0",
          "resolved": "https://registry.npmjs.org/has-flag/-/has-flag-1.0.0.tgz",
          "integrity": "sha1-nZ55MWXOAXoA8AQYxD+UKnsdEfo="
        },
        "postcss": {
          "version": "5.2.18",
          "resolved": "https://registry.npmjs.org/postcss/-/postcss-5.2.18.tgz",
          "integrity": "sha512-zrUjRRe1bpXKsX1qAJNJjqZViErVuyEkMTRrwu4ud4sbTtIBRmtaYDrHmcGgmrbsW3MHfmtIf+vJumgQn+PrXg=="
        },
        "supports-color": {
          "version": "3.2.3",
          "resolved": "https://registry.npmjs.org/supports-color/-/supports-color-3.2.3.tgz",
          "integrity": "sha1-ZawFBLOVQXHYpklGsq48u4pfVPY="
        }
      }
    },
    "postcss-sprites": {
      "version": "4.2.1",
      "resolved": "https://registry.npmjs.org/postcss-sprites/-/postcss-sprites-4.2.1.tgz",
      "integrity": "sha1-FVUeX3JFoIq6x9vCRShVaz4dFMk=",
      "dev": true,
      "dependencies": {
        "ansi-styles": {
          "version": "2.2.1",
          "resolved": "https://registry.npmjs.org/ansi-styles/-/ansi-styles-2.2.1.tgz",
          "integrity": "sha1-tDLdM1i2NM914eRmQ2gkBTPB3b4="
        },
        "chalk": {
          "version": "1.1.3",
          "resolved": "https://registry.npmjs.org/chalk/-/chalk-1.1.3.tgz",
          "integrity": "sha1-qBFcVeSnAv5NFQq9OHKCKn4J/Jg=",
          "dependencies": {
            "supports-color": {
              "version": "2.0.0",
              "resolved": "https://registry.npmjs.org/supports-color/-/supports-color-2.0.0.tgz",
              "integrity": "sha1-U10EXOa2Nj+kARcIRimZXp3zJMc="
            }
          }
        },
        "has-flag": {
          "version": "1.0.0",
          "resolved": "https://registry.npmjs.org/has-flag/-/has-flag-1.0.0.tgz",
          "integrity": "sha1-nZ55MWXOAXoA8AQYxD+UKnsdEfo="
        },
        "postcss": {
          "version": "5.2.18",
          "resolved": "https://registry.npmjs.org/postcss/-/postcss-5.2.18.tgz",
          "integrity": "sha512-zrUjRRe1bpXKsX1qAJNJjqZViErVuyEkMTRrwu4ud4sbTtIBRmtaYDrHmcGgmrbsW3MHfmtIf+vJumgQn+PrXg=="
        },
        "supports-color": {
          "version": "3.2.3",
          "resolved": "https://registry.npmjs.org/supports-color/-/supports-color-3.2.3.tgz",
          "integrity": "sha1-ZawFBLOVQXHYpklGsq48u4pfVPY="
        }
      }
    },
    "require_optional": {
      "version": "1.0.1",
      "resolved": "https://registry.npmjs.org/require_optional/-/require_optional-1.0.1.tgz",
      "integrity": "sha512-qhM/y57enGWHAe3v/NcwML6a3/vfESLe/sGM2dII+gEO0BpKRUkWZow/tyloNqJyN6kXSl3RyyM8Ll5D/sJP8g==",
      "dependencies": {
        "resolve-from": {
          "version": "2.0.0",
          "resolved": "https://registry.npmjs.org/resolve-from/-/resolve-from-2.0.0.tgz",
          "integrity": "sha1-lICrIOlP+h2egKgEx+oUdhGWa1c="
        }
      }
    },
    "safe-buffer": {
      "version": "5.1.2",
      "resolved": "https://registry.npmjs.org/safe-buffer/-/safe-buffer-5.1.2.tgz",
      "integrity": "sha512-Gd2UZBJDkXlY7GbJxfsE8/nvKkUEU1G38c1siN6QP6a9PT9MmHB8GnpscSmMJSoF8LOIrt8ud/wPtojys4G6+g=="
    },
    "saslprep": {
      "version": "1.0.2",
      "resolved": "https://registry.npmjs.org/saslprep/-/saslprep-1.0.2.tgz",
      "integrity": "sha512-4cDsYuAjXssUSjxHKRe4DTZC0agDwsCqcMqtJAQPzC74nJ7LfAJflAtC1Zed5hMzEQKj82d3tuzqdGNRsLJ4Gw==",
      "optional": true
    },
    "style-loader": {
      "version": "0.21.0",
      "resolved": "https://registry.npmjs.org/style-loader/-/style-loader-0.21.0.tgz",
      "integrity": "sha512-T+UNsAcl3Yg+BsPKs1vd22Fr8sVT+CJMtzqc6LEw9bbJZb43lm9GoeIfUcDEefBSWC0BhYbcdupV1GtI4DGzxg==",
      "dev": true
    },
    "stylus": {
      "version": "0.54.5",
      "resolved": "https://registry.npmjs.org/stylus/-/stylus-0.54.5.tgz",
      "integrity": "sha1-QrlWCTHKcJDOhRWnmLqeaqPW3Hk=",
      "dev": true,
      "dependencies": {
        "glob": {
          "version": "7.0.6",
          "resolved": "https://registry.npmjs.org/glob/-/glob-7.0.6.tgz",
          "integrity": "sha1-IRuvr0nlJbjNkyYNFKsTYVKz9Xo="
        },
        "sax": {
          "version": "0.5.8",
          "resolved": "https://registry.npmjs.org/sax/-/sax-0.5.8.tgz",
          "integrity": "sha1-1HLbIo6zMcJQaw6MFVJK25OdEsE="
        },
        "source-map": {
          "version": "0.1.43",
          "resolved": "https://registry.npmjs.org/source-map/-/source-map-0.1.43.tgz",
          "integrity": "sha1-wkvBRspRfBRx9drL4lcbK3+eM0Y="
        }
      }
    },
    "stylus-loader": {
      "version": "3.0.2",
      "resolved": "https://registry.npmjs.org/stylus-loader/-/stylus-loader-3.0.2.tgz",
      "integrity": "sha512-+VomPdZ6a0razP+zinir61yZgpw2NfljeSsdUF5kJuEzlo3khXhY19Fn6l8QQz1GRJGtMCo8nG5C04ePyV7SUA==",
      "dev": true
    },
    "uglifyjs-webpack-plugin": {
      "version": "1.3.0",
      "resolved": "https://registry.npmjs.org/uglifyjs-webpack-plugin/-/uglifyjs-webpack-plugin-1.3.0.tgz",
      "integrity": "sha512-ovHIch0AMlxjD/97j9AYovZxG5wnHOPkL7T1GKochBADp/Zwc44pEWNqpKl1Loupp1WhFg7SlYmHZRUfdAacgw==",
      "dev": true,
      "dependencies": {
        "source-map": {
          "version": "0.6.1",
          "resolved": "https://registry.npmjs.org/source-map/-/source-map-0.6.1.tgz",
          "integrity": "sha512-UjgapumWlbMhkBgzT7Ykc5YXUT46F0iKu8SGXq0bcwP5dz/h0Plj6enJqjz1Zbq2l5WaqYnrVbwWOWMyF3F47g=="
        }
      }
    },
    "url-loader": {
      "version": "1.1.1",
      "resolved": "https://registry.npmjs.org/url-loader/-/url-loader-1.1.1.tgz",
      "integrity": "sha512-vugEeXjyYFBCUOpX+ZuaunbK3QXMKaQ3zUnRfIpRBlGkY7QizCnzyyn2ASfcxsvyU3ef+CJppVywnl3Kgf13Gg==",
      "dev": true,
      "dependencies": {
        "schema-utils": {
          "version": "1.0.0",
          "resolved": "https://registry.npmjs.org/schema-utils/-/schema-utils-1.0.0.tgz",
          "integrity": "sha512-i27Mic4KovM/lnGsy8whRCHhc7VicJajAjTrYg11K9zfZXnYIt4k5F+kZkwjnrhKzLic/HLU4j11mjsz2G/75g=="
        }
      }
    },
    "utils": {
      "version": "0.3.1",
      "resolved": "https://registry.npmjs.org/utils/-/utils-0.3.1.tgz",
      "integrity": "sha1-BO+utCkKZwN6TN39L/VhRMw6RYE=",
      "dev": true,
      "dependencies": {
        "arr-diff": {
          "version": "1.1.0",
          "resolved": "https://registry.npmjs.org/arr-diff/-/arr-diff-1.1.0.tgz",
          "integrity": "sha1-aHwydYFjWI/vfeezb6vklesaOZo="
        },
        "array-unique": {
          "version": "0.2.1",
          "resolved": "https://registry.npmjs.org/array-unique/-/array-unique-0.2.1.tgz",
          "integrity": "sha1-odl8yvy8JiXMcPrc6zalDFiwGlM="
        },
        "for-in": {
          "version": "0.1.8",
          "resolved": "https://registry.npmjs.org/for-in/-/for-in-0.1.8.tgz",
          "integrity": "sha1-2Hc5COMSVhCZUrH9ubP6hn0ndeE="
        },
        "has-values": {
          "version": "0.1.4",
          "resolved": "https://registry.npmjs.org/has-values/-/has-values-0.1.4.tgz",
          "integrity": "sha1-bWHeldkd/Km5oCCJrThL/49it3E="
        },
        "is-number": {
          "version": "2.1.0",
          "resolved": "https://registry.npmjs.org/is-number/-/is-number-2.1.0.tgz",
          "integrity": "sha1-Afy7s5NGOlSPL0ZszhbezknbkI8=",
          "dependencies": {
            "kind-of": {
              "version": "3.2.2",
              "resolved": "https://registry.npmjs.org/kind-of/-/kind-of-3.2.2.tgz",
              "integrity": "sha1-MeohpzS6ubuw8yRm2JOupR5KPGQ="
            }
          }
        },
        "kind-of": {
          "version": "2.0.1",
          "resolved": "https://registry.npmjs.org/kind-of/-/kind-of-2.0.1.tgz",
          "integrity": "sha1-AY7HpM5+OobLkUG+UZ0kyPqpgbU="
        }
      }
    },
    "vue": {
      "version": "2.5.17",
      "resolved": "https://registry.npmjs.org/vue/-/vue-2.5.17.tgz",
      "integrity": "sha512-mFbcWoDIJi0w0Za4emyLiW72Jae0yjANHbCVquMKijcavBGypqlF7zHRgMa5k4sesdv7hv2rB4JPdZfR+TPfhQ=="
    },
    "vue-loader": {
      "version": "14.2.3",
      "resolved": "https://registry.npmjs.org/vue-loader/-/vue-loader-14.2.3.tgz",
      "integrity": "sha512-mEd2/14gNCVVpKU/44lVDoMDoAteM8PkvaVjzZ4KHyRKtry3pifSh9UMFsjoPBMeVYs9jTEDyT8UKmgPpnP8Yw==",
      "dev": true,
      "dependencies": {
        "cosmiconfig": {
          "version": "2.2.2",
          "resolved": "https://registry.npmjs.org/cosmiconfig/-/cosmiconfig-2.2.2.tgz",
          "integrity": "sha512-GiNXLwAFPYHy25XmTPpafYvn3CLAkJ8FLsscq78MQd1Kh0OU6Yzhn4eV2MVF4G9WEQZoWEGltatdR+ntGPMl5A=="
        },
        "minimist": {
          "version": "1.2.0",
          "resolved": "http://registry.npmjs.org/minimist/-/minimist-1.2.0.tgz",
          "integrity": "sha1-o1AIsg9BOD7sH7kU9M1d95omQoQ="
        },
        "parse-json": {
          "version": "2.2.0",
          "resolved": "https://registry.npmjs.org/parse-json/-/parse-json-2.2.0.tgz",
          "integrity": "sha1-9ID0BDTvgHQfhGkJn43qGPVaTck="
        },
        "postcss-load-config": {
          "version": "1.2.0",
          "resolved": "https://registry.npmjs.org/postcss-load-config/-/postcss-load-config-1.2.0.tgz",
          "integrity": "sha1-U56a/J3chiASHr+djDZz4M5Q0oo="
        },
        "postcss-selector-parser": {
          "version": "2.2.3",
          "resolved": "https://registry.npmjs.org/postcss-selector-parser/-/postcss-selector-parser-2.2.3.tgz",
          "integrity": "sha1-+UN3iGBsPJrO4W/+jYsWKX8nu5A="
        },
        "require-from-string": {
          "version": "1.2.1",
          "resolved": "https://registry.npmjs.org/require-from-string/-/require-from-string-1.2.1.tgz",
          "integrity": "sha1-UpyczvJzgK3+yaL5ZbZJu+5jZBg="
        },
        "source-map": {
          "version": "0.6.1",
          "resolved": "https://registry.npmjs.org/source-map/-/source-map-0.6.1.tgz",
          "integrity": "sha512-UjgapumWlbMhkBgzT7Ykc5YXUT46F0iKu8SGXq0bcwP5dz/h0Plj6enJqjz1Zbq2l5WaqYnrVbwWOWMyF3F47g=="
        }
      }
    },
    "vue-resource": {
      "version": "1.5.1",
      "resolved": "https://registry.npmjs.org/vue-resource/-/vue-resource-1.5.1.tgz",
      "integrity": "sha512-o6V4wNgeqP+9v9b2bPXrr20CGNQPEXjpbUWdZWq9GJhqVeAGcYoeTtn/D4q059ZiyN0DIrDv/ADrQUmlUQcsmg=="
    },
    "vue-router": {
      "version": "3.0.1",
      "resolved": "https://registry.npmjs.org/vue-router/-/vue-router-3.0.1.tgz",
      "integrity": "sha512-vLLoY452L+JBpALMP5UHum9+7nzR9PeIBCghU9ZtJ1eWm6ieUI8Zb/DI3MYxH32bxkjzYV1LRjNv4qr8d+uX/w=="
    },
    "vue-style-loader": {
      "version": "4.1.2",
      "resolved": "https://registry.npmjs.org/vue-style-loader/-/vue-style-loader-4.1.2.tgz",
      "integrity": "sha512-0ip8ge6Gzz/Bk0iHovU9XAUQaFt/G2B61bnWa2tCcqqdgfHs1lF9xXorFbE55Gmy92okFT+8bfmySuUOu13vxQ==",
      "dev": true
    },
    "vue-template-compiler": {
      "version": "2.5.17",
      "resolved": "https://registry.npmjs.org/vue-template-compiler/-/vue-template-compiler-2.5.17.tgz",
      "integrity": "sha512-63uI4syCwtGR5IJvZM0LN5tVsahrelomHtCxvRkZPJ/Tf3ADm1U1wG6KWycK3qCfqR+ygM5vewUvmJ0REAYksg==",
      "dev": true
    },
    "vuex": {
      "version": "3.0.1",
      "resolved": "https://registry.npmjs.org/vuex/-/vuex-3.0.1.tgz",
      "integrity": "sha512-wLoqz0B7DSZtgbWL1ShIBBCjv22GV5U+vcBFox658g6V0s4wZV9P4YjCNyoHSyIBpj1f29JBoNQIqD82cR4O3w=="
    },
    "webpack": {
      "version": "4.19.1",
      "resolved": "https://registry.npmjs.org/webpack/-/webpack-4.19.1.tgz",
      "integrity": "sha512-j7Q/5QqZRqIFXJvC0E59ipLV5Hf6lAnS3ezC3I4HMUybwEDikQBVad5d+IpPtmaQPQArvgUZLXIN6lWijHBn4g==",
      "dev": true
    },
    "webpack-cli": {
      "version": "3.1.1",
      "resolved": "https://registry.npmjs.org/webpack-cli/-/webpack-cli-3.1.1.tgz",
      "integrity": "sha512-th5EUyVeGcAAVlFOcJg11fapD/xoLRE4j/eSfrmMAo3olPjvB7lgEPUtCbRP0OGmstvnQBl4VZP+zluXWDiBxg==",
      "dev": true,
      "dependencies": {
        "ansi-regex": {
          "version": "3.0.0",
          "resolved": "https://registry.npmjs.org/ansi-regex/-/ansi-regex-3.0.0.tgz",
          "integrity": "sha1-7QMXwyIGT3lGbAKWa922Bas32Zg="
        },
        "cliui": {
          "version": "4.1.0",
          "resolved": "https://registry.npmjs.org/cliui/-/cliui-4.1.0.tgz",
          "integrity": "sha512-4FG+RSG9DL7uEwRUZXZn3SS34DiDPfzP0VOiEwtUWlE+AR2EIg+hSyvrIgUUfhdgR/UkAeW2QHgeP+hWrXs7jQ=="
        },
        "decamelize": {
          "version": "2.0.0",
          "resolved": "https://registry.npmjs.org/decamelize/-/decamelize-2.0.0.tgz",
          "integrity": "sha512-Ikpp5scV3MSYxY39ymh45ZLEecsTdv/Xj2CaQfI8RLMuwi7XvjX9H/fhraiSuU+C5w5NTDu4ZU72xNiZnurBPg=="
        },
        "find-up": {
          "version": "3.0.0",
          "resolved": "https://registry.npmjs.org/find-up/-/find-up-3.0.0.tgz",
          "integrity": "sha512-1yD6RmLI1XBfxugvORwlck6f75tYL+iR0jqwsOrOxMZyGYqUuDhJ0l4AXdO1iX/FTs9cBAMEk1gWSEx1kSbylg=="
        },
        "locate-path": {
          "version": "3.0.0",
          "resolved": "https://registry.npmjs.org/locate-path/-/locate-path-3.0.0.tgz",
          "integrity": "sha512-7AO748wWnIhNqAuaty2ZWHkQHRSNfPVIsPIfwEOWO22AmaoVrWavlOcMR5nzTLNYvp36X220/maaRsrec1G65A=="
        },
        "p-limit": {
          "version": "2.0.0",
          "resolved": "https://registry.npmjs.org/p-limit/-/p-limit-2.0.0.tgz",
          "integrity": "sha512-fl5s52lI5ahKCernzzIyAP0QAZbGIovtVHGwpcu1Jr/EpzLVDI2myISHwGqK7m8uQFugVWSrbxH7XnhGtvEc+A=="
        },
        "p-locate": {
          "version": "3.0.0",
          "resolved": "https://registry.npmjs.org/p-locate/-/p-locate-3.0.0.tgz",
          "integrity": "sha512-x+12w/To+4GFfgJhBEpiDcLozRJGegY+Ei7/z0tSLkMmxGZNybVMSfWj9aJn8Z5Fc7dBUNJOOVgPv2H7IwulSQ=="
        },
        "p-try": {
          "version": "2.0.0",
          "resolved": "https://registry.npmjs.org/p-try/-/p-try-2.0.0.tgz",
          "integrity": "sha512-hMp0onDKIajHfIkdRk3P4CdCmErkYAxxDtP3Wx/4nZ3aGlau2VKh3mZpcuFkH27WQkL/3WBCPOktzA9ZOAnMQQ=="
        },
        "strip-ansi": {
          "version": "4.0.0",
          "resolved": "https://registry.npmjs.org/strip-ansi/-/strip-ansi-4.0.0.tgz",
          "integrity": "sha1-qEeQIusaw2iocTibY1JixQXuNo8="
        },
        "yargs": {
          "version": "12.0.2",
          "resolved": "https://registry.npmjs.org/yargs/-/yargs-12.0.2.tgz",
          "integrity": "sha512-e7SkEx6N6SIZ5c5H22RTZae61qtn3PYUE8JYbBFlK9sYmh3DMQ6E5ygtaG/2BW0JZi4WGgTR2IV5ChqlqrDGVQ=="
        }
      }
    },
    "webpack-deep-scope-plugin": {
      "version": "1.6.0",
      "resolved": "https://registry.npmjs.org/webpack-deep-scope-plugin/-/webpack-deep-scope-plugin-1.6.0.tgz",
      "integrity": "sha512-ZYldKNeWQtk9SoV70x7Eb2NRmvHMtNBOjscs0wUdg/pfymntiF+0W/D9v2o76ztufjND6RNFjNVnyFQww25AZg==",
      "dev": true
    },
    "webpack-dev-server": {
      "version": "3.1.8",
      "resolved": "https://registry.npmjs.org/webpack-dev-server/-/webpack-dev-server-3.1.8.tgz",
      "integrity": "sha512-c+tcJtDqnPdxCAzEEZKdIPmg3i5i7cAHe+B+0xFNK0BlCc2HF/unYccbU7xTgfGc5xxhCztCQzFmsqim+KhI+A==",
      "dev": true,
      "dependencies": {
        "ansi-regex": {
          "version": "3.0.0",
          "resolved": "https://registry.npmjs.org/ansi-regex/-/ansi-regex-3.0.0.tgz",
          "integrity": "sha1-7QMXwyIGT3lGbAKWa922Bas32Zg="
        },
        "cliui": {
          "version": "4.1.0",
          "resolved": "https://registry.npmjs.org/cliui/-/cliui-4.1.0.tgz",
          "integrity": "sha512-4FG+RSG9DL7uEwRUZXZn3SS34DiDPfzP0VOiEwtUWlE+AR2EIg+hSyvrIgUUfhdgR/UkAeW2QHgeP+hWrXs7jQ==",
          "dependencies": {
            "strip-ansi": {
              "version": "4.0.0",
              "resolved": "https://registry.npmjs.org/strip-ansi/-/strip-ansi-4.0.0.tgz",
              "integrity": "sha1-qEeQIusaw2iocTibY1JixQXuNo8="
            }
          }
        },
        "debug": {
          "version": "3.2.5",
          "resolved": "https://registry.npmjs.org/debug/-/debug-3.2.5.tgz",
          "integrity": "sha512-D61LaDQPQkxJ5AUM2mbSJRbPkNs/TmdmOeLAi1hgDkpDfIfetSrjmWhccwtuResSwMbACjx/xXQofvM9CE/aeg=="
        },
        "decamelize": {
          "version": "2.0.0",
          "resolved": "https://registry.npmjs.org/decamelize/-/decamelize-2.0.0.tgz",
          "integrity": "sha512-Ikpp5scV3MSYxY39ymh45ZLEecsTdv/Xj2CaQfI8RLMuwi7XvjX9H/fhraiSuU+C5w5NTDu4ZU72xNiZnurBPg=="
        },
        "find-up": {
          "version": "3.0.0",
          "resolved": "https://registry.npmjs.org/find-up/-/find-up-3.0.0.tgz",
          "integrity": "sha512-1yD6RmLI1XBfxugvORwlck6f75tYL+iR0jqwsOrOxMZyGYqUuDhJ0l4AXdO1iX/FTs9cBAMEk1gWSEx1kSbylg=="
        },
        "locate-path": {
          "version": "3.0.0",
          "resolved": "https://registry.npmjs.org/locate-path/-/locate-path-3.0.0.tgz",
          "integrity": "sha512-7AO748wWnIhNqAuaty2ZWHkQHRSNfPVIsPIfwEOWO22AmaoVrWavlOcMR5nzTLNYvp36X220/maaRsrec1G65A=="
        },
        "ms": {
          "version": "2.1.1",
          "resolved": "https://registry.npmjs.org/ms/-/ms-2.1.1.tgz",
          "integrity": "sha512-tgp+dl5cGk28utYktBsrFqA7HKgrhgPsg6Z/EfhWI4gl1Hwq8B/GmY/0oXZ6nF8hDVesS/FpnYaD/kOWhYQvyg=="
        },
        "p-limit": {
          "version": "2.0.0",
          "resolved": "https://registry.npmjs.org/p-limit/-/p-limit-2.0.0.tgz",
          "integrity": "sha512-fl5s52lI5ahKCernzzIyAP0QAZbGIovtVHGwpcu1Jr/EpzLVDI2myISHwGqK7m8uQFugVWSrbxH7XnhGtvEc+A=="
        },
        "p-locate": {
          "version": "3.0.0",
          "resolved": "https://registry.npmjs.org/p-locate/-/p-locate-3.0.0.tgz",
          "integrity": "sha512-x+12w/To+4GFfgJhBEpiDcLozRJGegY+Ei7/z0tSLkMmxGZNybVMSfWj9aJn8Z5Fc7dBUNJOOVgPv2H7IwulSQ=="
        },
        "p-try": {
          "version": "2.0.0",
          "resolved": "https://registry.npmjs.org/p-try/-/p-try-2.0.0.tgz",
          "integrity": "sha512-hMp0onDKIajHfIkdRk3P4CdCmErkYAxxDtP3Wx/4nZ3aGlau2VKh3mZpcuFkH27WQkL/3WBCPOktzA9ZOAnMQQ=="
        },
        "schema-utils": {
          "version": "1.0.0",
          "resolved": "https://registry.npmjs.org/schema-utils/-/schema-utils-1.0.0.tgz",
          "integrity": "sha512-i27Mic4KovM/lnGsy8whRCHhc7VicJajAjTrYg11K9zfZXnYIt4k5F+kZkwjnrhKzLic/HLU4j11mjsz2G/75g=="
        },
        "yargs": {
          "version": "12.0.2",
          "resolved": "https://registry.npmjs.org/yargs/-/yargs-12.0.2.tgz",
          "integrity": "sha512-e7SkEx6N6SIZ5c5H22RTZae61qtn3PYUE8JYbBFlK9sYmh3DMQ6E5ygtaG/2BW0JZi4WGgTR2IV5ChqlqrDGVQ=="
        }
      }
    },
    "webpack-parallel-uglify-plugin": {
      "version": "1.1.0",
      "resolved": "https://registry.npmjs.org/webpack-parallel-uglify-plugin/-/webpack-parallel-uglify-plugin-1.1.0.tgz",
      "integrity": "sha512-HgNqQrXuCvV+S5qCgv9vrJfcldmxQ57KYZNMXVk842XFzunXQm/GbSM/Pwli7taOeiEX8ypFpSTGyMBRKc++rg==",
      "dev": true,
      "dependencies": {
        "commander": {
          "version": "2.17.1",
          "resolved": "https://registry.npmjs.org/commander/-/commander-2.17.1.tgz",
          "integrity": "sha512-wPMUt6FnH2yzG95SA6mzjQOEKUU3aLaDEmzs1ti+1E9h+CsrZghRlqEM/EJ4KscsQVG8uNN4uVreUeT8+drlgg=="
        },
        "source-map": {
          "version": "0.6.1",
          "resolved": "https://registry.npmjs.org/source-map/-/source-map-0.6.1.tgz",
          "integrity": "sha512-UjgapumWlbMhkBgzT7Ykc5YXUT46F0iKu8SGXq0bcwP5dz/h0Plj6enJqjz1Zbq2l5WaqYnrVbwWOWMyF3F47g=="
        },
        "uglify-js": {
          "version": "3.4.9",
          "resolved": "https://registry.npmjs.org/uglify-js/-/uglify-js-3.4.9.tgz",
          "integrity": "sha512-8CJsbKOtEbnJsTyv6LE6m6ZKniqMiFWmm9sRbopbkGs3gMPPfd3Fh8iIA4Ykv5MgaTbqHr4BaoGLJLZNhsrW1Q=="
        }
      }
    }
  }
}
